
Microsoft Visual Studio Solution File, Format Version 12.00
# Visual Studio Version 16
VisualStudioVersion = 16.0.30907.101
MinimumVisualStudioVersion = 10.0.40219.1
Project("{FAE04EC0-301F-11D3-BF4B-00C04F79EFBC}") = "Sample1", "Sample1.csproj", "{EDF1E099-3E31-4F82-951F-A21CA57BC4D3}"
EndProject
Project("{FAE04EC0-301F-11D3-BF4B-00C04F79EFBC}") = "Sample2", "..\Sample2\Sample2.csproj", "{9F1C34A3-E9FF-4298-83F1-1BB83AE48D19}"
EndProject
Global
	GlobalSection(SolutionConfigurationPlatforms) = preSolution
		Debug|Any CPU = Debug|Any CPU
		Release|Any CPU = Release|Any CPU
	EndGlobalSection
	GlobalSection(ProjectConfigurationPlatforms) = postSolution
		{EDF1E099-3E31-4F82-951F-A21CA57BC4D3}.Debug|Any CPU.ActiveCfg = Debug|Any CPU
		{EDF1E099-3E31-4F82-951F-A21CA57BC4D3}.Debug|Any CPU.Build.0 = Debug|Any CPU
		{EDF1E099-3E31-4F82-951F-A21CA57BC4D3}.Release|Any CPU.ActiveCfg = Release|Any CPU
		{EDF1E099-3E31-4F82-951F-A21CA57BC4D3}.Release|Any CPU.Build.0 = Release|Any CPU
		{9F1C34A3-E9FF-4298-83F1-1BB83AE48D19}.Debug|Any CPU.ActiveCfg = Debug|Any CPU
		{9F1C34A3-E9FF-4298-83F1-1BB83AE48D19}.Debug|Any CPU.Build.0 = Debug|Any CPU
		{9F1C34A3-E9FF-4298-83F1-1BB83AE48D19}.Release|Any CPU.ActiveCfg = Release|Any CPU
		{9F1C34A3-E9FF-4298-83F1-1BB83AE48D19}.Release|Any CPU.Build.0 = Release|Any CPU
	EndGlobalSection
	GlobalSection(SolutionProperties) = preSolution
		HideSolutionNode = FALSE
	EndGlobalSection
	GlobalSection(ExtensibilityGlobals) = postSolution
		SolutionGuid = {163DB3EC-CF4E-474A-9B54-5BCAA78980A8}
	EndGlobalSection
EndGlobal
