
Microsoft Visual Studio Solution File, Format Version 12.00
# Visual Studio Version 16
VisualStudioVersion = 16.0.30907.101
MinimumVisualStudioVersion = 10.0.40219.1
Project("{9A19103F-16F7-4668-BE54-9A1E7A4F7556}") = "FarManager", "FarManager.csproj", "{12724DAC-09B7-4970-BC67-C7FDC87CABC5}"
EndProject
Global
	GlobalSection(SolutionConfigurationPlatforms) = preSolution
		Debug|Any CPU = Debug|Any CPU
		Release|Any CPU = Release|Any CPU
	EndGlobalSection
	GlobalSection(ProjectConfigurationPlatforms) = postSolution
		{12724DAC-09B7-4970-BC67-C7FDC87CABC5}.Debug|Any CPU.ActiveCfg = Debug|Any CPU
		{12724DAC-09B7-4970-BC67-C7FDC87CABC5}.Debug|Any CPU.Build.0 = Debug|Any CPU
		{12724DAC-09B7-4970-BC67-C7FDC87CABC5}.Release|Any CPU.ActiveCfg = Release|Any CPU
		{12724DAC-09B7-4970-BC67-C7FDC87CABC5}.Release|Any CPU.Build.0 = Release|Any CPU
	EndGlobalSection
	GlobalSection(SolutionProperties) = preSolution
		HideSolutionNode = FALSE
	EndGlobalSection
	GlobalSection(ExtensibilityGlobals) = postSolution
		SolutionGuid = {3388E7E4-C2B1-4C80-8F1C-2C78603DAA91}
	EndGlobalSection
EndGlobal
