
Microsoft Visual Studio Solution File, Format Version 12.00
# Visual Studio Version 16
VisualStudioVersion = 16.0.30907.101
MinimumVisualStudioVersion = 10.0.40219.1
Project("{9A19103F-16F7-4668-BE54-9A1E7A4F7556}") = "SnakeGame", "SnakeGame.csproj", "{F16A5D69-D749-4EB3-8B05-604B3E3EAD91}"
EndProject
Project("{9A19103F-16F7-4668-BE54-9A1E7A4F7556}") = "Example2", "..\Example2\Example2.csproj", "{6D22DA5A-0C36-424E-B054-D41A41CD0ACB}"
EndProject
Global
	GlobalSection(SolutionConfigurationPlatforms) = preSolution
		Debug|Any CPU = Debug|Any CPU
		Release|Any CPU = Release|Any CPU
	EndGlobalSection
	GlobalSection(ProjectConfigurationPlatforms) = postSolution
		{F16A5D69-D749-4EB3-8B05-604B3E3EAD91}.Debug|Any CPU.ActiveCfg = Debug|Any CPU
		{F16A5D69-D749-4EB3-8B05-604B3E3EAD91}.Debug|Any CPU.Build.0 = Debug|Any CPU
		{F16A5D69-D749-4EB3-8B05-604B3E3EAD91}.Release|Any CPU.ActiveCfg = Release|Any CPU
		{F16A5D69-D749-4EB3-8B05-604B3E3EAD91}.Release|Any CPU.Build.0 = Release|Any CPU
		{6D22DA5A-0C36-424E-B054-D41A41CD0ACB}.Debug|Any CPU.ActiveCfg = Debug|Any CPU
		{6D22DA5A-0C36-424E-B054-D41A41CD0ACB}.Debug|Any CPU.Build.0 = Debug|Any CPU
		{6D22DA5A-0C36-424E-B054-D41A41CD0ACB}.Release|Any CPU.ActiveCfg = Release|Any CPU
		{6D22DA5A-0C36-424E-B054-D41A41CD0ACB}.Release|Any CPU.Build.0 = Release|Any CPU
	EndGlobalSection
	GlobalSection(SolutionProperties) = preSolution
		HideSolutionNode = FALSE
	EndGlobalSection
	GlobalSection(ExtensibilityGlobals) = postSolution
		SolutionGuid = {FD6FA57C-0C27-4641-902E-DF387E545DE6}
	EndGlobalSection
EndGlobal
